
Microsoft Visual Studio Solution File, Format Version 12.00
# Visual Studio Version 17
VisualStudioVersion = 17.11.35312.102
MinimumVisualStudioVersion = 10.0.40219.1
Project("{FAE04EC0-301F-11D3-BF4B-00C04F79EFBC}") = "BulkyWeb", "BulkyWeb\BulkyWeb.csproj", "{67B5F6F4-723C-4724-AD5C-C35585D1027F}"
EndProject
Global
	GlobalSection(SolutionConfigurationPlatforms) = preSolution
		Debug|Any CPU = Debug|Any CPU
		Release|Any CPU = Release|Any CPU
	EndGlobalSection
	GlobalSection(ProjectConfigurationPlatforms) = postSolution
		{67B5F6F4-723C-4724-AD5C-C35585D1027F}.Debug|Any CPU.ActiveCfg = Debug|Any CPU
		{67B5F6F4-723C-4724-AD5C-C35585D1027F}.Debug|Any CPU.Build.0 = Debug|Any CPU
		{67B5F6F4-723C-4724-AD5C-C35585D1027F}.Release|Any CPU.ActiveCfg = Release|Any CPU
		{67B5F6F4-723C-4724-AD5C-C35585D1027F}.Release|Any CPU.Build.0 = Release|Any CPU
	EndGlobalSection
	GlobalSection(SolutionProperties) = preSolution
		HideSolutionNode = FALSE
	EndGlobalSection
	GlobalSection(ExtensibilityGlobals) = postSolution
		SolutionGuid = {A4D33F15-15E3-45A0-806E-430E7583A8AB}
	EndGlobalSection
EndGlobal
